// !$*UTF8*$!
{
	archiveVersion = 1;
	classes = {
	};
	objectVersion = 46;
	objects = {

/* Begin PBXBuildFile section */
		C1C06BF31C89678E00233C43 /* main.m in Sources */ = {isa = PBXBuildFile; fileRef = C1C06BF21C89678E00233C43 /* main.m */; };
		C1C06BF61C89678E00233C43 /* AppDelegate.m in Sources */ = {isa = PBXBuildFile; fileRef = C1C06BF51C89678E00233C43 /* AppDelegate.m */; };
		C1C06BF91C89678E00233C43 /* ViewController.m in Sources */ = {isa = PBXBuildFile; fileRef = C1C06BF81C89678E00233C43 /* ViewController.m */; };
		C1C06BFC1C89678E00233C43 /* Main.storyboard in Resources */ = {isa = PBXBuildFile; fileRef = C1C06BFA1C89678E00233C43 /* Main.storyboard */; };
		C1C06BFE1C89678E00233C43 /* Assets.xcassets in Resources */ = {isa = PBXBuildFile; fileRef = C1C06BFD1C89678E00233C43 /* Assets.xcassets */; };
		C1C06C011C89678E00233C43 /* LaunchScreen.storyboard in Resources */ = {isa = PBXBuildFile; fileRef = C1C06BFF1C89678E00233C43 /* LaunchScreen.storyboard */; };
		C1C06C0A1C89682600233C43 /* PuzzleView.m in Sources */ = {isa = PBXBuildFile; fileRef = C1C06C091C89682600233C43 /* PuzzleView.m */; };
		C1C06C0E1C89A0B200233C43 /* BallModel.m in Sources */ = {isa = PBXBuildFile; fileRef = C1C06C0D1C89A0B200233C43 /* BallModel.m */; };
		C1C06C161C8AAF0A00233C43 /* PuzzleDemoTests.m in Sources */ = {isa = PBXBuildFile; fileRef = C1C06C151C8AAF0A00233C43 /* PuzzleDemoTests.m */; };
/* End PBXBuildFile section */

/* Begin PBXContainerItemProxy section */
		C1C06C181C8AAF0A00233C43 /* PBXContainerItemProxy */ = {
			isa = PBXContainerItemProxy;
			containerPortal = C1C06BE61C89678E00233C43 /* Project object */;
			proxyType = 1;
			remoteGlobalIDString = C1C06BED1C89678E00233C43;
			remoteInfo = PuzzleDemo;
		};
		C1C06C261C8AB7FB00233C43 /* PBXContainerItemProxy */ = {
			isa = PBXContainerItemProxy;
			containerPortal = C1C06BE61C89678E00233C43 /* Project object */;
			proxyType = 1;
			remoteGlobalIDString = C1C06BED1C89678E00233C43;
			remoteInfo = PuzzleDemo;
		};
/* End PBXContainerItemProxy section */

/* Begin PBXFileReference section */
		C1C06BEE1C89678E00233C43 /* PuzzleDemo.app */ = {isa = PBXFileReference; explicitFileType = wrapper.application; includeInIndex = 0; path = PuzzleDemo.app; sourceTree = BUILT_PRODUCTS_DIR; };
		C1C06BF21C89678E00233C43 /* main.m */ = {isa = PBXFileReference; lastKnownFileType = sourcecode.c.objc; path = main.m; sourceTree = "<group>"; };
		C1C06BF41C89678E00233C43 /* AppDelegate.h */ = {isa = PBXFileReference; lastKnownFileType = sourcecode.c.h; path = AppDelegate.h; sourceTree = "<group>"; };
		C1C06BF51C89678E00233C43 /* AppDelegate.m */ = {isa = PBXFileReference; lastKnownFileType = sourcecode.c.objc; path = AppDelegate.m; sourceTree = "<group>"; };
		C1C06BF71C89678E00233C43 /* ViewController.h */ = {isa = PBXFileReference; lastKnownFileType = sourcecode.c.h; path = ViewController.h; sourceTree = "<group>"; };
		C1C06BF81C89678E00233C43 /* ViewController.m */ = {isa = PBXFileReference; lastKnownFileType = sourcecode.c.objc; path = ViewController.m; sourceTree = "<group>"; };
		C1C06BFB1C89678E00233C43 /* Base */ = {isa = PBXFileReference; lastKnownFileType = file.storyboard; name = Base; path = Base.lproj/Main.storyboard; sourceTree = "<group>"; };
		C1C06BFD1C89678E00233C43 /* Assets.xcassets */ = {isa = PBXFileReference; lastKnownFileType = folder.assetcatalog; path = Assets.xcassets; sourceTree = "<group>"; };
		C1C06C001C89678E00233C43 /* Base */ = {isa = PBXFileReference; lastKnownFileType = file.storyboard; name = Base; path = Base.lproj/LaunchScreen.storyboard; sourceTree = "<group>"; };
		C1C06C021C89678E00233C43 /* Info.plist */ = {isa = PBXFileReference; lastKnownFileType = text.plist.xml; path = Info.plist; sourceTree = "<group>"; };
		C1C06C081C89682600233C43 /* PuzzleView.h */ = {isa = PBXFileReference; fileEncoding = 4; lastKnownFileType = sourcecode.c.h; path = PuzzleView.h; sourceTree = "<group>"; };
		C1C06C091C89682600233C43 /* PuzzleView.m */ = {isa = PBXFileReference; fileEncoding = 4; lastKnownFileType = sourcecode.c.objc; path = PuzzleView.m; sourceTree = "<group>"; };
		C1C06C0C1C89A0B200233C43 /* BallModel.h */ = {isa = PBXFileReference; fileEncoding = 4; lastKnownFileType = sourcecode.c.h; path = BallModel.h; sourceTree = "<group>"; };
		C1C06C0D1C89A0B200233C43 /* BallModel.m */ = {isa = PBXFileReference; fileEncoding = 4; lastKnownFileType = sourcecode.c.objc; path = BallModel.m; sourceTree = "<group>"; };
		C1C06C131C8AAF0A00233C43 /* PuzzleDemoTests.xctest */ = {isa = PBXFileReference; explicitFileType = wrapper.cfbundle; includeInIndex = 0; path = PuzzleDemoTests.xctest; sourceTree = BUILT_PRODUCTS_DIR; };
		C1C06C151C8AAF0A00233C43 /* PuzzleDemoTests.m */ = {isa = PBXFileReference; lastKnownFileType = sourcecode.c.objc; path = PuzzleDemoTests.m; sourceTree = "<group>"; };
		C1C06C171C8AAF0A00233C43 /* Info.plist */ = {isa = PBXFileReference; lastKnownFileType = text.plist.xml; path = Info.plist; sourceTree = "<group>"; };
		C1C06C211C8AB7FB00233C43 /* PuzzleDemoUITests.xctest */ = {isa = PBXFileReference; explicitFileType = wrapper.cfbundle; includeInIndex = 0; path = PuzzleDemoUITests.xctest; sourceTree = BUILT_PRODUCTS_DIR; };
/* End PBXFileReference section */

/* Begin PBXFrameworksBuildPhase section */
		C1C06BEB1C89678E00233C43 /* Frameworks */ = {
			isa = PBXFrameworksBuildPhase;
			buildActionMask = 2147483647;
			files = (
			);
			runOnlyForDeploymentPostprocessing = 0;
		};
		C1C06C101C8AAF0A00233C43 /* Frameworks */ = {
			isa = PBXFrameworksBuildPhase;
			buildActionMask = 2147483647;
			files = (
			);
			runOnlyForDeploymentPostprocessing = 0;
		};
		C1C06C1E1C8AB7FB00233C43 /* Frameworks */ = {
			isa = PBXFrameworksBuildPhase;
			buildActionMask = 2147483647;
			files = (
			);
			runOnlyForDeploymentPostprocessing = 0;
		};
/* End PBXFrameworksBuildPhase section */

/* Begin PBXGroup section */
		C1C06BE51C89678E00233C43 = {
			isa = PBXGroup;
			children = (
				C1C06BF01C89678E00233C43 /* PuzzleDemo */,
				C1C06C141C8AAF0A00233C43 /* PuzzleDemoTests */,
				C1C06BEF1C89678E00233C43 /* Products */,
			);
			sourceTree = "<group>";
		};
		C1C06BEF1C89678E00233C43 /* Products */ = {
			isa = PBXGroup;
			children = (
				C1C06BEE1C89678E00233C43 /* PuzzleDemo.app */,
				C1C06C131C8AAF0A00233C43 /* PuzzleDemoTests.xctest */,
				C1C06C211C8AB7FB00233C43 /* PuzzleDemoUITests.xctest */,
			);
			name = Products;
			sourceTree = "<group>";
		};
		C1C06BF01C89678E00233C43 /* PuzzleDemo */ = {
			isa = PBXGroup;
			children = (
				C1C06BF41C89678E00233C43 /* AppDelegate.h */,
				C1C06BF51C89678E00233C43 /* AppDelegate.m */,
				C1C06BF71C89678E00233C43 /* ViewController.h */,
				C1C06BF81C89678E00233C43 /* ViewController.m */,
				C1C06BFA1C89678E00233C43 /* Main.storyboard */,
				C1C06BFD1C89678E00233C43 /* Assets.xcassets */,
				C1C06BFF1C89678E00233C43 /* LaunchScreen.storyboard */,
				C1C06C021C89678E00233C43 /* Info.plist */,
				C1C06BF11C89678E00233C43 /* Supporting Files */,
				C1C06C081C89682600233C43 /* PuzzleView.h */,
				C1C06C091C89682600233C43 /* PuzzleView.m */,
				C1C06C0C1C89A0B200233C43 /* BallModel.h */,
				C1C06C0D1C89A0B200233C43 /* BallModel.m */,
			);
			path = PuzzleDemo;
			sourceTree = "<group>";
		};
		C1C06BF11C89678E00233C43 /* Supporting Files */ = {
			isa = PBXGroup;
			children = (
				C1C06BF21C89678E00233C43 /* main.m */,
			);
			name = "Supporting Files";
			sourceTree = "<group>";
		};
		C1C06C141C8AAF0A00233C43 /* PuzzleDemoTests */ = {
			isa = PBXGroup;
			children = (
				C1C06C151C8AAF0A00233C43 /* PuzzleDemoTests.m */,
				C1C06C171C8AAF0A00233C43 /* Info.plist */,
			);
			path = PuzzleDemoTests;
			sourceTree = "<group>";
		};
/* End PBXGroup section */

/* Begin PBXNativeTarget section */
		C1C06BED1C89678E00233C43 /* PuzzleDemo */ = {
			isa = PBXNativeTarget;
			buildConfigurationList = C1C06C051C89678E00233C43 /* Build configuration list for PBXNativeTarget "PuzzleDemo" */;
			buildPhases = (
				C1C06BEA1C89678E00233C43 /* Sources */,
				C1C06BEB1C89678E00233C43 /* Frameworks */,
				C1C06BEC1C89678E00233C43 /* Resources */,
			);
			buildRules = (
			);
			dependencies = (
			);
			name = PuzzleDemo;
			productName = PuzzleDemo;
			productReference = C1C06BEE1C89678E00233C43 /* PuzzleDemo.app */;
			productType = "com.apple.product-type.application";
		};
		C1C06C121C8AAF0A00233C43 /* PuzzleDemoTests */ = {
			isa = PBXNativeTarget;
			buildConfigurationList = C1C06C1A1C8AAF0A00233C43 /* Build configuration list for PBXNativeTarget "PuzzleDemoTests" */;
			buildPhases = (
				C1C06C0F1C8AAF0A00233C43 /* Sources */,
				C1C06C101C8AAF0A00233C43 /* Frameworks */,
				C1C06C111C8AAF0A00233C43 /* Resources */,
			);
			buildRules = (
			);
			dependencies = (
				C1C06C191C8AAF0A00233C43 /* PBXTargetDependency */,
			);
			name = PuzzleDemoTests;
			productName = PuzzleDemoTests;
			productReference = C1C06C131C8AAF0A00233C43 /* PuzzleDemoTests.xctest */;
			productType = "com.apple.product-type.bundle.unit-test";
		};
		C1C06C201C8AB7FB00233C43 /* PuzzleDemoUITests */ = {
			isa = PBXNativeTarget;
			buildConfigurationList = C1C06C281C8AB7FB00233C43 /* Build configuration list for PBXNativeTarget "PuzzleDemoUITests" */;
			buildPhases = (
				C1C06C1D1C8AB7FB00233C43 /* Sources */,
				C1C06C1E1C8AB7FB00233C43 /* Frameworks */,
				C1C06C1F1C8AB7FB00233C43 /* Resources */,
			);
			buildRules = (
			);
			dependencies = (
				C1C06C271C8AB7FB00233C43 /* PBXTargetDependency */,
			);
			name = PuzzleDemoUITests;
			productName = PuzzleDemoUITests;
			productReference = C1C06C211C8AB7FB00233C43 /* PuzzleDemoUITests.xctest */;
			productType = "com.apple.product-type.bundle.ui-testing";
		};
/* End PBXNativeTarget section */

/* Begin PBXProject section */
		C1C06BE61C89678E00233C43 /* Project object */ = {
			isa = PBXProject;
			attributes = {
				LastUpgradeCheck = 0720;
				ORGANIZATIONNAME = "Proto Data Center";
				TargetAttributes = {
					C1C06BED1C89678E00233C43 = {
						CreatedOnToolsVersion = 7.2.1;
					};
					C1C06C121C8AAF0A00233C43 = {
						CreatedOnToolsVersion = 7.2.1;
						TestTargetID = C1C06BED1C89678E00233C43;
					};
					C1C06C201C8AB7FB00233C43 = {
						CreatedOnToolsVersion = 7.2.1;
						TestTargetID = C1C06BED1C89678E00233C43;
					};
				};
			};
			buildConfigurationList = C1C06BE91C89678E00233C43 /* Build configuration list for PBXProject "PuzzleDemo" */;
			compatibilityVersion = "Xcode 3.2";
			developmentRegion = English;
			hasScannedForEncodings = 0;
			knownRegions = (
				en,
				Base,
			);
			mainGroup = C1C06BE51C89678E00233C43;
			productRefGroup = C1C06BEF1C89678E00233C43 /* Products */;
			projectDirPath = "";
			projectRoot = "";
			targets = (
				C1C06BED1C89678E00233C43 /* PuzzleDemo */,
				C1C06C121C8AAF0A00233C43 /* PuzzleDemoTests */,
				C1C06C201C8AB7FB00233C43 /* PuzzleDemoUITests */,
			);
		};
/* End PBXProject section */

/* Begin PBXResourcesBuildPhase section */
		C1C06BEC1C89678E00233C43 /* Resources */ = {
			isa = PBXResourcesBuildPhase;
			buildActionMask = 2147483647;
			files = (
				C1C06C011C89678E00233C43 /* LaunchScreen.storyboard in Resources */,
				C1C06BFE1C89678E00233C43 /* Assets.xcassets in Resources */,
				C1C06BFC1C89678E00233C43 /* Main.storyboard in Resources */,
			);
			runOnlyForDeploymentPostprocessing = 0;
		};
		C1C06C111C8AAF0A00233C43 /* Resources */ = {
			isa = PBXResourcesBuildPhase;
			buildActionMask = 2147483647;
			files = (
			);
			runOnlyForDeploymentPostprocessing = 0;
		};
		C1C06C1F1C8AB7FB00233C43 /* Resources */ = {
			isa = PBXResourcesBuildPhase;
			buildActionMask = 2147483647;
			files = (
			);
			runOnlyForDeploymentPostprocessing = 0;
		};
/* End PBXResourcesBuildPhase section */

/* Begin PBXSourcesBuildPhase section */
		C1C06BEA1C89678E00233C43 /* Sources */ = {
			isa = PBXSourcesBuildPhase;
			buildActionMask = 2147483647;
			files = (
				C1C06C0A1C89682600233C43 /* PuzzleView.m in Sources */,
				C1C06BF91C89678E00233C43 /* ViewController.m in Sources */,
				C1C06C0E1C89A0B200233C43 /* BallModel.m in Sources */,
				C1C06BF61C89678E00233C43 /* AppDelegate.m in Sources */,
				C1C06BF31C89678E00233C43 /* main.m in Sources */,
			);
			runOnlyForDeploymentPostprocessing = 0;
		};
		C1C06C0F1C8AAF0A00233C43 /* Sources */ = {
			isa = PBXSourcesBuildPhase;
			buildActionMask = 2147483647;
			files = (
				C1C06C161C8AAF0A00233C43 /* PuzzleDemoTests.m in Sources */,
			);
			runOnlyForDeploymentPostprocessing = 0;
		};
		C1C06C1D1C8AB7FB00233C43 /* Sources */ = {
			isa = PBXSourcesBuildPhase;
			buildActionMask = 2147483647;
			files = (
			);
			runOnlyForDeploymentPostprocessing = 0;
		};
/* End PBXSourcesBuildPhase section */

/* Begin PBXTargetDependency section */
		C1C06C191C8AAF0A00233C43 /* PBXTargetDependency */ = {
			isa = PBXTargetDependency;
			target = C1C06BED1C89678E00233C43 /* PuzzleDemo */;
			targetProxy = C1C06C181C8AAF0A00233C43 /* PBXContainerItemProxy */;
		};
		C1C06C271C8AB7FB00233C43 /* PBXTargetDependency */ = {
			isa = PBXTargetDependency;
			target = C1C06BED1C89678E00233C43 /* PuzzleDemo */;
			targetProxy = C1C06C261C8AB7FB00233C43 /* PBXContainerItemProxy */;
		};
/* End PBXTargetDependency section */

/* Begin PBXVariantGroup section */
		C1C06BFA1C89678E00233C43 /* Main.storyboard */ = {
			isa = PBXVariantGroup;
			children = (
				C1C06BFB1C89678E00233C43 /* Base */,
			);
			name = Main.storyboard;
			sourceTree = "<group>";
		};
		C1C06BFF1C89678E00233C43 /* LaunchScreen.storyboard */ = {
			isa = PBXVariantGroup;
			children = (
				C1C06C001C89678E00233C43 /* Base */,
			);
			name = LaunchScreen.storyboard;
			sourceTree = "<group>";
		};
/* End PBXVariantGroup section */

/* Begin XCBuildConfiguration section */
		C1C06C031C89678E00233C43 /* Debug */ = {
			isa = XCBuildConfiguration;
			buildSettings = {
				ALWAYS_SEARCH_USER_PATHS = NO;
				CLANG_CXX_LANGUAGE_STANDARD = "gnu++0x";
				CLANG_CXX_LIBRARY = "libc++";
				CLANG_ENABLE_MODULES = YES;
				CLANG_ENABLE_OBJC_ARC = YES;
				CLANG_WARN_BOOL_CONVERSION = YES;
				CLANG_WARN_CONSTANT_CONVERSION = YES;
				CLANG_WARN_DIRECT_OBJC_ISA_USAGE = YES_ERROR;
				CLANG_WARN_EMPTY_BODY = YES;
				CLANG_WARN_ENUM_CONVERSION = YES;
				CLANG_WARN_INT_CONVERSION = YES;
				CLANG_WARN_OBJC_ROOT_CLASS = YES_ERROR;
				CLANG_WARN_UNREACHABLE_CODE = YES;
				CLANG_WARN__DUPLICATE_METHOD_MATCH = YES;
				"CODE_SIGN_IDENTITY[sdk=iphoneos*]" = "iPhone Developer";
				COPY_PHASE_STRIP = NO;
				DEBUG_INFORMATION_FORMAT = dwarf;
				ENABLE_STRICT_OBJC_MSGSEND = YES;
				ENABLE_TESTABILITY = YES;
				GCC_C_LANGUAGE_STANDARD = gnu99;
				GCC_DYNAMIC_NO_PIC = NO;
				GCC_NO_COMMON_BLOCKS = YES;
				GCC_OPTIMIZATION_LEVEL = 0;
				GCC_PREPROCESSOR_DEFINITIONS = (
					"DEBUG=1",
					"$(inherited)",
				);
				GCC_WARN_64_TO_32_BIT_CONVERSION = YES;
				GCC_WARN_ABOUT_RETURN_TYPE = YES_ERROR;
				GCC_WARN_UNDECLARED_SELECTOR = YES;
				GCC_WARN_UNINITIALIZED_AUTOS = YES_AGGRESSIVE;
				GCC_WARN_UNUSED_FUNCTION = YES;
				GCC_WARN_UNUSED_VARIABLE = YES;
				IPHONEOS_DEPLOYMENT_TARGET = 9.2;
				MTL_ENABLE_DEBUG_INFO = YES;
				ONLY_ACTIVE_ARCH = YES;
				SDKROOT = iphoneos;
			};
			name = Debug;
		};
		C1C06C041C89678E00233C43 /* Release */ = {
			isa = XCBuildConfiguration;
			buildSettings = {
				ALWAYS_SEARCH_USER_PATHS = NO;
				CLANG_CXX_LANGUAGE_STANDARD = "gnu++0x";
				CLANG_CXX_LIBRARY = "libc++";
				CLANG_ENABLE_MODULES = YES;
				CLANG_ENABLE_OBJC_ARC = YES;
				CLANG_WARN_BOOL_CONVERSION = YES;
				CLANG_WARN_CONSTANT_CONVERSION = YES;
				CLANG_WARN_DIRECT_OBJC_ISA_USAGE = YES_ERROR;
				CLANG_WARN_EMPTY_BODY = YES;
				CLANG_WARN_ENUM_CONVERSION = YES;
				CLANG_WARN_INT_CONVERSION = YES;
				CLANG_WARN_OBJC_ROOT_CLASS = YES_ERROR;
				CLANG_WARN_UNREACHABLE_CODE = YES;
				CLANG_WARN__DUPLICATE_METHOD_MATCH = YES;
				"CODE_SIGN_IDENTITY[sdk=iphoneos*]" = "iPhone Developer";
				COPY_PHASE_STRIP = NO;
				DEBUG_INFORMATION_FORMAT = "dwarf-with-dsym";
				ENABLE_NS_ASSERTIONS = NO;
				ENABLE_STRICT_OBJC_MSGSEND = YES;
				GCC_C_LANGUAGE_STANDARD = gnu99;
				GCC_NO_COMMON_BLOCKS = YES;
				GCC_WARN_64_TO_32_BIT_CONVERSION = YES;
				GCC_WARN_ABOUT_RETURN_TYPE = YES_ERROR;
				GCC_WARN_UNDECLARED_SELECTOR = YES;
				GCC_WARN_UNINITIALIZED_AUTOS = YES_AGGRESSIVE;
				GCC_WARN_UNUSED_FUNCTION = YES;
				GCC_WARN_UNUSED_VARIABLE = YES;
				IPHONEOS_DEPLOYMENT_TARGET = 9.2;
				MTL_ENABLE_DEBUG_INFO = NO;
				SDKROOT = iphoneos;
				VALIDATE_PRODUCT = YES;
			};
			name = Release;
		};
		C1C06C061C89678E00233C43 /* Debug */ = {
			isa = XCBuildConfiguration;
			buildSettings = {
				ASSETCATALOG_COMPILER_APPICON_NAME = AppIcon;
				INFOPLIST_FILE = PuzzleDemo/Info.plist;
				IPHONEOS_DEPLOYMENT_TARGET = 8.0;
				LD_RUNPATH_SEARCH_PATHS = "$(inherited) @executable_path/Frameworks";
				PRODUCT_BUNDLE_IDENTIFIER = Goo.PuzzleDemo;
				PRODUCT_NAME = "$(TARGET_NAME)";
			};
			name = Debug;
		};
		C1C06C071C89678E00233C43 /* Release */ = {
			isa = XCBuildConfiguration;
			buildSettings = {
				ASSETCATALOG_COMPILER_APPICON_NAME = AppIcon;
				INFOPLIST_FILE = PuzzleDemo/Info.plist;
				IPHONEOS_DEPLOYMENT_TARGET = 8.0;
				LD_RUNPATH_SEARCH_PATHS = "$(inherited) @executable_path/Frameworks";
				PRODUCT_BUNDLE_IDENTIFIER = Goo.PuzzleDemo;
				PRODUCT_NAME = "$(TARGET_NAME)";
			};
			name = Release;
		};
		C1C06C1B1C8AAF0A00233C43 /* Debug */ = {
			isa = XCBuildConfiguration;
			buildSettings = {
				BUNDLE_LOADER = "$(TEST_HOST)";
				INFOPLIST_FILE = PuzzleDemoTests/Info.plist;
				LD_RUNPATH_SEARCH_PATHS = "$(inherited) @executable_path/Frameworks @loader_path/Frameworks";
				PRODUCT_BUNDLE_IDENTIFIER = Goo.PuzzleDemoTests;
				PRODUCT_NAME = "$(TARGET_NAME)";
				TEST_HOST = "$(BUILT_PRODUCTS_DIR)/PuzzleDemo.app/PuzzleDemo";
			};
			name = Debug;
		};
		C1C06C1C1C8AAF0A00233C43 /* Release */ = {
			isa = XCBuildConfiguration;
			buildSettings = {
				BUNDLE_LOADER = "$(TEST_HOST)";
				INFOPLIST_FILE = PuzzleDemoTests/Info.plist;
				LD_RUNPATH_SEARCH_PATHS = "$(inherited) @executable_path/Frameworks @loader_path/Frameworks";
				PRODUCT_BUNDLE_IDENTIFIER = Goo.PuzzleDemoTests;
				PRODUCT_NAME = "$(TARGET_NAME)";
				TEST_HOST = "$(BUILT_PRODUCTS_DIR)/PuzzleDemo.app/PuzzleDemo";
			};
			name = Release;
		};
		C1C06C291C8AB7FB00233C43 /* Debug */ = {
			isa = XCBuildConfiguration;
			buildSettings = {
				INFOPLIST_FILE = PuzzleDemoUITests/Info.plist;
				LD_RUNPATH_SEARCH_PATHS = "$(inherited) @executable_path/Frameworks @loader_path/Frameworks";
				PRODUCT_BUNDLE_IDENTIFIER = Goo.PuzzleDemoUITests;
				PRODUCT_NAME = "$(TARGET_NAME)";
				TEST_TARGET_NAME = PuzzleDemo;
				USES_XCTRUNNER = YES;
			};
			name = Debug;
		};
		C1C06C2A1C8AB7FB00233C43 /* Release */ = {
			isa = XCBuildConfiguration;
			buildSettings = {
				INFOPLIST_FILE = PuzzleDemoUITests/Info.plist;
				LD_RUNPATH_SEARCH_PATHS = "$(inherited) @executable_path/Frameworks @loader_path/Frameworks";
				PRODUCT_BUNDLE_IDENTIFIER = Goo.PuzzleDemoUITests;
				PRODUCT_NAME = "$(TARGET_NAME)";
				TEST_TARGET_NAME = PuzzleDemo;
				USES_XCTRUNNER = YES;
			};
			name = Release;
		};
/* End XCBuildConfiguration section */

/* Begin XCConfigurationList section */
		C1C06BE91C89678E00233C43 /* Build configuration list for PBXProject "PuzzleDemo" */ = {
			isa = XCConfigurationList;
			buildConfigurations = (
				C1C06C031C89678E00233C43 /* Debug */,
				C1C06C041C89678E00233C43 /* Release */,
			);
			defaultConfigurationIsVisible = 0;
			defaultConfigurationName = Release;
		};
		C1C06C051C89678E00233C43 /* Build configuration list for PBXNativeTarget "PuzzleDemo" */ = {
			isa = XCConfigurationList;
			buildConfigurations = (
				C1C06C061C89678E00233C43 /* Debug */,
				C1C06C071C89678E00233C43 /* Release */,
			);
			defaultConfigurationIsVisible = 0;
		};
		C1C06C1A1C8AAF0A00233C43 /* Build configuration list for PBXNativeTarget "PuzzleDemoTests" */ = {
			isa = XCConfigurationList;
			buildConfigurations = (
				C1C06C1B1C8AAF0A00233C43 /* Debug */,
				C1C06C1C1C8AAF0A00233C43 /* Release */,
			);
			defaultConfigurationIsVisible = 0;
		};
		C1C06C281C8AB7FB00233C43 /* Build configuration list for PBXNativeTarget "PuzzleDemoUITests" */ = {
			isa = XCConfigurationList;
			buildConfigurations = (
				C1C06C291C8AB7FB00233C43 /* Debug */,
				C1C06C2A1C8AB7FB00233C43 /* Release */,
			);
			defaultConfigurationIsVisible = 0;
		};
/* End XCConfigurationList section */
	};
	rootObject = C1C06BE61C89678E00233C43 /* Project object */;
}
